// !$*UTF8*$!
{
	archiveVersion = 1;
	classes = {
	};
	objectVersion = 77;
	objects = {

/* Begin PBXBuildFile section */
		1CDB1412BBB255443DA9AC5C /* TaxUITests.swift in Sources */ = {isa = PBXBuildFile; fileRef = A643606BA89A30B2F3ACBA65 /* TaxUITests.swift */; };
		1FBE9D0B3179BECA35341093 /* tasks-nullable.json in Resources */ = {isa = PBXBuildFile; fileRef = B250159E60E8A11E3CD2CDF7 /* tasks-nullable.json */; };
		2A014422306AFC73752FD26C /* ScreenStoreTests.swift in Sources */ = {isa = PBXBuildFile; fileRef = D3076510F55F4ED2CF36ED30 /* ScreenStoreTests.swift */; };
		4E661EDA30E9DC01A1BE3BA0 /* TaskServiceTests.swift in Sources */ = {isa = PBXBuildFile; fileRef = 259D9EFBEA33B0C737B6162F /* TaskServiceTests.swift */; };
		5172F2F8F61B7C1FF937D5FD /* PushRoutingTests.swift in Sources */ = {isa = PBXBuildFile; fileRef = 5763126DBA4E97A9D9A5F9A7 /* PushRoutingTests.swift */; };
		5B25733F69F3A0E5553C48DA /* Foundation.framework in Frameworks */ = {isa = PBXBuildFile; fileRef = 899615913B28E2734271C4C7 /* Foundation.framework */; };
		7E87271674070F4299BEF256 /* task-full.json in Resources */ = {isa = PBXBuildFile; fileRef = 9509B60C8FDDCBE680FBC46F /* task-full.json */; };
		8AF062126FE4122D368D6E68 /* ModelTests.swift in Sources */ = {isa = PBXBuildFile; fileRef = 3D4265344A42B4E767C45525 /* ModelTests.swift */; };
		E2AF707F4A52B600C23FB205 /* Foundation.framework in Frameworks */ = {isa = PBXBuildFile; fileRef = 899615913B28E2734271C4C7 /* Foundation.framework */; };
		E45D53B69E036C7B82E21566 /* TestSupport.swift in Sources */ = {isa = PBXBuildFile; fileRef = B6A82E4D6F25FAE36CC710FC /* TestSupport.swift */; };
		FCDF3CD854FC39A87147C2AA /* SettingsStoreTests.swift in Sources */ = {isa = PBXBuildFile; fileRef = 5669ED4A77C43BE367CB1FD9 /* SettingsStoreTests.swift */; };
/* End PBXBuildFile section */

/* Begin PBXContainerItemProxy section */
		50CB3829F5EF392112C96655 /* PBXContainerItemProxy */ = {
			isa = PBXContainerItemProxy;
			containerPortal = A634221230079B8A00A02DD1 /* Project object */;
			proxyType = 1;
			remoteGlobalIDString = A634221930079B8A00A02DD1;
			remoteInfo = tax;
		};
		DBFEC1D6BF79EFA08EA3194B /* PBXContainerItemProxy */ = {
			isa = PBXContainerItemProxy;
			containerPortal = A634221230079B8A00A02DD1 /* Project object */;
			proxyType = 1;
			remoteGlobalIDString = A634221930079B8A00A02DD1;
			remoteInfo = tax;
		};
/* End PBXContainerItemProxy section */

/* Begin PBXFileReference section */
		259D9EFBEA33B0C737B6162F /* TaskServiceTests.swift */ = {isa = PBXFileReference; includeInIndex = 1; lastKnownFileType = sourcecode.swift; path = TaskServiceTests.swift; sourceTree = "<group>"; };
		3D4265344A42B4E767C45525 /* ModelTests.swift */ = {isa = PBXFileReference; includeInIndex = 1; lastKnownFileType = sourcecode.swift; path = ModelTests.swift; sourceTree = "<group>"; };
		5669ED4A77C43BE367CB1FD9 /* SettingsStoreTests.swift */ = {isa = PBXFileReference; includeInIndex = 1; lastKnownFileType = sourcecode.swift; path = SettingsStoreTests.swift; sourceTree = "<group>"; };
		5763126DBA4E97A9D9A5F9A7 /* PushRoutingTests.swift */ = {isa = PBXFileReference; includeInIndex = 1; lastKnownFileType = sourcecode.swift; path = PushRoutingTests.swift; sourceTree = "<group>"; };
		7E8AA0A04714902E8B3A4AC0 /* taxTests.xctest */ = {isa = PBXFileReference; explicitFileType = wrapper.cfbundle; includeInIndex = 0; path = taxTests.xctest; sourceTree = BUILT_PRODUCTS_DIR; };
		899615913B28E2734271C4C7 /* Foundation.framework */ = {isa = PBXFileReference; lastKnownFileType = wrapper.framework; name = Foundation.framework; path = Platforms/iPhoneOS.platform/Developer/SDKs/iPhoneOS18.0.sdk/System/Library/Frameworks/Foundation.framework; sourceTree = DEVELOPER_DIR; };
		9509B60C8FDDCBE680FBC46F /* task-full.json */ = {isa = PBXFileReference; includeInIndex = 1; name = "task-full.json"; path = "Fixtures/task-full.json"; sourceTree = "<group>"; };
		A634221A30079B8A00A02DD1 /* tax.app */ = {isa = PBXFileReference; explicitFileType = wrapper.application; includeInIndex = 0; path = tax.app; sourceTree = BUILT_PRODUCTS_DIR; };
		A643606BA89A30B2F3ACBA65 /* TaxUITests.swift */ = {isa = PBXFileReference; includeInIndex = 1; lastKnownFileType = sourcecode.swift; path = TaxUITests.swift; sourceTree = "<group>"; };
		B250159E60E8A11E3CD2CDF7 /* tasks-nullable.json */ = {isa = PBXFileReference; includeInIndex = 1; name = "tasks-nullable.json"; path = "Fixtures/tasks-nullable.json"; sourceTree = "<group>"; };
		B6A82E4D6F25FAE36CC710FC /* TestSupport.swift */ = {isa = PBXFileReference; includeInIndex = 1; lastKnownFileType = sourcecode.swift; path = TestSupport.swift; sourceTree = "<group>"; };
		D3076510F55F4ED2CF36ED30 /* ScreenStoreTests.swift */ = {isa = PBXFileReference; includeInIndex = 1; lastKnownFileType = sourcecode.swift; path = ScreenStoreTests.swift; sourceTree = "<group>"; };
		D44CB17A6C745A1CC77ABE6F /* taxUITests.xctest */ = {isa = PBXFileReference; explicitFileType = wrapper.cfbundle; includeInIndex = 0; path = taxUITests.xctest; sourceTree = BUILT_PRODUCTS_DIR; };
/* End PBXFileReference section */

/* Begin PBXFileSystemSynchronizedBuildFileExceptionSet section */
		A634223030079CCB00A02DD1 /* Exceptions for "tax" folder in "tax" target */ = {
			isa = PBXFileSystemSynchronizedBuildFileExceptionSet;
			membershipExceptions = (
				Info.plist,
			);
			target = A634221930079B8A00A02DD1 /* tax */;
		};
/* End PBXFileSystemSynchronizedBuildFileExceptionSet section */

/* Begin PBXFileSystemSynchronizedRootGroup section */
		A634221C30079B8A00A02DD1 /* tax */ = {
			isa = PBXFileSystemSynchronizedRootGroup;
			exceptions = (
				A634223030079CCB00A02DD1 /* Exceptions for "tax" folder in "tax" target */,
			);
			path = tax;
			sourceTree = "<group>";
		};
/* End PBXFileSystemSynchronizedRootGroup section */

/* Begin PBXFrameworksBuildPhase section */
		A634221730079B8A00A02DD1 /* Frameworks */ = {
			isa = PBXFrameworksBuildPhase;
			buildActionMask = 2147483647;
			files = (
			);
			runOnlyForDeploymentPostprocessing = 0;
		};
		A8BE99F4BE11D323277C1399 /* Frameworks */ = {
			isa = PBXFrameworksBuildPhase;
			buildActionMask = 2147483647;
			files = (
				5B25733F69F3A0E5553C48DA /* Foundation.framework in Frameworks */,
			);
			runOnlyForDeploymentPostprocessing = 0;
		};
		BA1C1ED91FA6FCD87DD5C806 /* Frameworks */ = {
			isa = PBXFrameworksBuildPhase;
			buildActionMask = 2147483647;
			files = (
				E2AF707F4A52B600C23FB205 /* Foundation.framework in Frameworks */,
			);
			runOnlyForDeploymentPostprocessing = 0;
		};
/* End PBXFrameworksBuildPhase section */

/* Begin PBXGroup section */
		6B2F9F5059F2EE08D5FCD81D /* taxUITests */ = {
			isa = PBXGroup;
			children = (
				A643606BA89A30B2F3ACBA65 /* TaxUITests.swift */,
			);
			name = taxUITests;
			path = taxUITests;
			sourceTree = "<group>";
		};
		93A0256ED6C03B6FF0BA8DA2 /* taxTests */ = {
			isa = PBXGroup;
			children = (
				9509B60C8FDDCBE680FBC46F /* task-full.json */,
				B250159E60E8A11E3CD2CDF7 /* tasks-nullable.json */,
				3D4265344A42B4E767C45525 /* ModelTests.swift */,
				5763126DBA4E97A9D9A5F9A7 /* PushRoutingTests.swift */,
				D3076510F55F4ED2CF36ED30 /* ScreenStoreTests.swift */,
				5669ED4A77C43BE367CB1FD9 /* SettingsStoreTests.swift */,
				259D9EFBEA33B0C737B6162F /* TaskServiceTests.swift */,
				B6A82E4D6F25FAE36CC710FC /* TestSupport.swift */,
			);
			name = taxTests;
			path = taxTests;
			sourceTree = "<group>";
		};
		A634221130079B8A00A02DD1 = {
			isa = PBXGroup;
			children = (
				A634221C30079B8A00A02DD1 /* tax */,
				A634221B30079B8A00A02DD1 /* Products */,
				D10948B3F61FAEAB69A825B0 /* Frameworks */,
				93A0256ED6C03B6FF0BA8DA2 /* taxTests */,
				6B2F9F5059F2EE08D5FCD81D /* taxUITests */,
			);
			sourceTree = "<group>";
		};
		A634221B30079B8A00A02DD1 /* Products */ = {
			isa = PBXGroup;
			children = (
				A634221A30079B8A00A02DD1 /* tax.app */,
			);
			name = Products;
			sourceTree = "<group>";
		};
		CD9BA582F6A52B04A68D6969 /* iOS */ = {
			isa = PBXGroup;
			children = (
				899615913B28E2734271C4C7 /* Foundation.framework */,
			);
			name = iOS;
			sourceTree = "<group>";
		};
		D10948B3F61FAEAB69A825B0 /* Frameworks */ = {
			isa = PBXGroup;
			children = (
				CD9BA582F6A52B04A68D6969 /* iOS */,
			);
			name = Frameworks;
			sourceTree = "<group>";
		};
/* End PBXGroup section */

/* Begin PBXNativeTarget section */
		88D33E9C504E2FE23BAB5C1F /* taxTests */ = {
			isa = PBXNativeTarget;
			buildConfigurationList = 679707F3059E74AB36C774AF /* Build configuration list for PBXNativeTarget "taxTests" */;
			buildPhases = (
				63B1E0A046D1EB7D78A6DD98 /* Sources */,
				BA1C1ED91FA6FCD87DD5C806 /* Frameworks */,
				CB62F8FCD41890FB171F9FA2 /* Resources */,
			);
			buildRules = (
			);
			dependencies = (
				208525E3D014F676A3F05FF9 /* PBXTargetDependency */,
			);
			name = taxTests;
			productName = taxTests;
			productReference = 7E8AA0A04714902E8B3A4AC0 /* taxTests.xctest */;
			productType = "com.apple.product-type.bundle.unit-test";
		};
		98C65D09FDDF7452DDE6F0F9 /* taxUITests */ = {
			isa = PBXNativeTarget;
			buildConfigurationList = 24EC57AD58751BE4138A0F85 /* Build configuration list for PBXNativeTarget "taxUITests" */;
			buildPhases = (
				0B36EE6D2E259C2EF0FDEE85 /* Sources */,
				A8BE99F4BE11D323277C1399 /* Frameworks */,
				5E764F1D42974D4F62F08731 /* Resources */,
			);
			buildRules = (
			);
			dependencies = (
				F439FE91181C053D5596C1BA /* PBXTargetDependency */,
			);
			name = taxUITests;
			productName = taxUITests;
			productReference = D44CB17A6C745A1CC77ABE6F /* taxUITests.xctest */;
			productType = "com.apple.product-type.bundle.ui-testing";
		};
		A634221930079B8A00A02DD1 /* tax */ = {
			isa = PBXNativeTarget;
			buildConfigurationList = A634222530079B8C00A02DD1 /* Build configuration list for PBXNativeTarget "tax" */;
			buildPhases = (
				A634221630079B8A00A02DD1 /* Sources */,
				A634221730079B8A00A02DD1 /* Frameworks */,
				A634221830079B8A00A02DD1 /* Resources */,
			);
			buildRules = (
			);
			dependencies = (
			);
			fileSystemSynchronizedGroups = (
				A634221C30079B8A00A02DD1 /* tax */,
			);
			name = tax;
			productName = tax;
			productReference = A634221A30079B8A00A02DD1 /* tax.app */;
			productType = "com.apple.product-type.application";
		};
/* End PBXNativeTarget section */

/* Begin PBXProject section */
		A634221230079B8A00A02DD1 /* Project object */ = {
			isa = PBXProject;
			attributes = {
				BuildIndependentTargetsInParallel = 1;
				LastSwiftUpdateCheck = 2660;
				LastUpgradeCheck = 2660;
				TargetAttributes = {
					A634221930079B8A00A02DD1 = {
						CreatedOnToolsVersion = 26.6;
					};
				};
			};
			buildConfigurationList = A634221530079B8A00A02DD1 /* Build configuration list for PBXProject "tax" */;
			developmentRegion = en;
			hasScannedForEncodings = 0;
			knownRegions = (
				en,
				Base,
			);
			mainGroup = A634221130079B8A00A02DD1;
			minimizedProjectReferenceProxies = 1;
			preferredProjectObjectVersion = 77;
			productRefGroup = A634221B30079B8A00A02DD1 /* Products */;
			projectDirPath = "";
			projectRoot = "";
			targets = (
				A634221930079B8A00A02DD1 /* tax */,
				88D33E9C504E2FE23BAB5C1F /* taxTests */,
				98C65D09FDDF7452DDE6F0F9 /* taxUITests */,
			);
		};
/* End PBXProject section */

/* Begin PBXResourcesBuildPhase section */
		5E764F1D42974D4F62F08731 /* Resources */ = {
			isa = PBXResourcesBuildPhase;
			buildActionMask = 2147483647;
			files = (
			);
			runOnlyForDeploymentPostprocessing = 0;
		};
		A634221830079B8A00A02DD1 /* Resources */ = {
			isa = PBXResourcesBuildPhase;
			buildActionMask = 2147483647;
			files = (
			);
			runOnlyForDeploymentPostprocessing = 0;
		};
		CB62F8FCD41890FB171F9FA2 /* Resources */ = {
			isa = PBXResourcesBuildPhase;
			buildActionMask = 2147483647;
			files = (
				7E87271674070F4299BEF256 /* task-full.json in Resources */,
				1FBE9D0B3179BECA35341093 /* tasks-nullable.json in Resources */,
			);
			runOnlyForDeploymentPostprocessing = 0;
		};
/* End PBXResourcesBuildPhase section */

/* Begin PBXSourcesBuildPhase section */
		0B36EE6D2E259C2EF0FDEE85 /* Sources */ = {
			isa = PBXSourcesBuildPhase;
			buildActionMask = 2147483647;
			files = (
				1CDB1412BBB255443DA9AC5C /* TaxUITests.swift in Sources */,
			);
			runOnlyForDeploymentPostprocessing = 0;
		};
		63B1E0A046D1EB7D78A6DD98 /* Sources */ = {
			isa = PBXSourcesBuildPhase;
			buildActionMask = 2147483647;
			files = (
				8AF062126FE4122D368D6E68 /* ModelTests.swift in Sources */,
				5172F2F8F61B7C1FF937D5FD /* PushRoutingTests.swift in Sources */,
				2A014422306AFC73752FD26C /* ScreenStoreTests.swift in Sources */,
				FCDF3CD854FC39A87147C2AA /* SettingsStoreTests.swift in Sources */,
				4E661EDA30E9DC01A1BE3BA0 /* TaskServiceTests.swift in Sources */,
				E45D53B69E036C7B82E21566 /* TestSupport.swift in Sources */,
			);
			runOnlyForDeploymentPostprocessing = 0;
		};
		A634221630079B8A00A02DD1 /* Sources */ = {
			isa = PBXSourcesBuildPhase;
			buildActionMask = 2147483647;
			files = (
			);
			runOnlyForDeploymentPostprocessing = 0;
		};
/* End PBXSourcesBuildPhase section */

/* Begin PBXTargetDependency section */
		208525E3D014F676A3F05FF9 /* PBXTargetDependency */ = {
			isa = PBXTargetDependency;
			name = tax;
			target = A634221930079B8A00A02DD1 /* tax */;
			targetProxy = DBFEC1D6BF79EFA08EA3194B /* PBXContainerItemProxy */;
		};
		F439FE91181C053D5596C1BA /* PBXTargetDependency */ = {
			isa = PBXTargetDependency;
			name = tax;
			target = A634221930079B8A00A02DD1 /* tax */;
			targetProxy = 50CB3829F5EF392112C96655 /* PBXContainerItemProxy */;
		};
/* End PBXTargetDependency section */

/* Begin XCBuildConfiguration section */
		47B8833831410297050FEA32 /* Release */ = {
			isa = XCBuildConfiguration;
			buildSettings = {
				CLANG_ENABLE_OBJC_WEAK = NO;
				CODE_SIGNING_ALLOWED = NO;
				GENERATE_INFOPLIST_FILE = YES;
				IPHONEOS_DEPLOYMENT_TARGET = 17.0;
				PRODUCT_BUNDLE_IDENTIFIER = ru.madmaximuus.tax.uitests;
				PRODUCT_MODULE_NAME = "$(PRODUCT_NAME:c99extidentifier)";
				PRODUCT_NAME = "$(TARGET_NAME)";
				SDKROOT = iphoneos;
				SWIFT_APPROACHABLE_CONCURRENCY = YES;
				SWIFT_STRICT_CONCURRENCY = complete;
				SWIFT_VERSION = 6.0;
				TEST_TARGET_NAME = tax;
				VALIDATE_PRODUCT = YES;
			};
			name = Release;
		};
		9B6D90F050365F650C147D04 /* Debug */ = {
			isa = XCBuildConfiguration;
			buildSettings = {
				BUNDLE_LOADER = "$(TEST_HOST)";
				CLANG_ENABLE_OBJC_WEAK = NO;
				CODE_SIGNING_ALLOWED = NO;
				GENERATE_INFOPLIST_FILE = YES;
				IPHONEOS_DEPLOYMENT_TARGET = 17.0;
				PRODUCT_BUNDLE_IDENTIFIER = ru.madmaximuus.tax.tests;
				PRODUCT_MODULE_NAME = "$(PRODUCT_NAME:c99extidentifier)";
				PRODUCT_NAME = "$(TARGET_NAME)";
				SDKROOT = iphoneos;
				SWIFT_APPROACHABLE_CONCURRENCY = YES;
				SWIFT_STRICT_CONCURRENCY = complete;
				SWIFT_VERSION = 6.0;
				TEST_HOST = "$(BUILT_PRODUCTS_DIR)/tax.app/tax";
			};
			name = Debug;
		};
		A634222330079B8C00A02DD1 /* Debug */ = {
			isa = XCBuildConfiguration;
			buildSettings = {
				ALWAYS_SEARCH_USER_PATHS = NO;
				ASSETCATALOG_COMPILER_GENERATE_SWIFT_ASSET_SYMBOL_EXTENSIONS = YES;
				CLANG_ANALYZER_NONNULL = YES;
				CLANG_ANALYZER_NUMBER_OBJECT_CONVERSION = YES_AGGRESSIVE;
				CLANG_CXX_LANGUAGE_STANDARD = "gnu++20";
				CLANG_ENABLE_MODULES = YES;
				CLANG_ENABLE_OBJC_ARC = YES;
				CLANG_ENABLE_OBJC_WEAK = YES;
				CLANG_WARN_BLOCK_CAPTURE_AUTORELEASING = YES;
				CLANG_WARN_BOOL_CONVERSION = YES;
				CLANG_WARN_COMMA = YES;
				CLANG_WARN_CONSTANT_CONVERSION = YES;
				CLANG_WARN_DEPRECATED_OBJC_IMPLEMENTATIONS = YES;
				CLANG_WARN_DIRECT_OBJC_ISA_USAGE = YES_ERROR;
				CLANG_WARN_DOCUMENTATION_COMMENTS = YES;
				CLANG_WARN_EMPTY_BODY = YES;
				CLANG_WARN_ENUM_CONVERSION = YES;
				CLANG_WARN_INFINITE_RECURSION = YES;
				CLANG_WARN_INT_CONVERSION = YES;
				CLANG_WARN_NON_LITERAL_NULL_CONVERSION = YES;
				CLANG_WARN_OBJC_IMPLICIT_RETAIN_SELF = YES;
				CLANG_WARN_OBJC_LITERAL_CONVERSION = YES;
				CLANG_WARN_OBJC_ROOT_CLASS = YES_ERROR;
				CLANG_WARN_QUOTED_INCLUDE_IN_FRAMEWORK_HEADER = YES;
				CLANG_WARN_RANGE_LOOP_ANALYSIS = YES;
				CLANG_WARN_STRICT_PROTOTYPES = YES;
				CLANG_WARN_SUSPICIOUS_MOVE = YES;
				CLANG_WARN_UNGUARDED_AVAILABILITY = YES_AGGRESSIVE;
				CLANG_WARN_UNREACHABLE_CODE = YES;
				CLANG_WARN__DUPLICATE_METHOD_MATCH = YES;
				COPY_PHASE_STRIP = NO;
				DEBUG_INFORMATION_FORMAT = dwarf;
				DEVELOPMENT_TEAM = WQ3X4DQT53;
				ENABLE_STRICT_OBJC_MSGSEND = YES;
				ENABLE_TESTABILITY = YES;
				ENABLE_USER_SCRIPT_SANDBOXING = YES;
				GCC_C_LANGUAGE_STANDARD = gnu17;
				GCC_DYNAMIC_NO_PIC = NO;
				GCC_NO_COMMON_BLOCKS = YES;
				GCC_OPTIMIZATION_LEVEL = 0;
				GCC_PREPROCESSOR_DEFINITIONS = (
					"DEBUG=1",
					"$(inherited)",
				);
				GCC_WARN_64_TO_32_BIT_CONVERSION = YES;
				GCC_WARN_ABOUT_RETURN_TYPE = YES_ERROR;
				GCC_WARN_UNDECLARED_SELECTOR = YES;
				GCC_WARN_UNINITIALIZED_AUTOS = YES_AGGRESSIVE;
				GCC_WARN_UNUSED_FUNCTION = YES;
				GCC_WARN_UNUSED_VARIABLE = YES;
				IPHONEOS_DEPLOYMENT_TARGET = 17.0;
				LOCALIZATION_PREFERS_STRING_CATALOGS = YES;
				MTL_ENABLE_DEBUG_INFO = INCLUDE_SOURCE;
				MTL_FAST_MATH = YES;
				ONLY_ACTIVE_ARCH = YES;
				SDKROOT = iphoneos;
				SWIFT_ACTIVE_COMPILATION_CONDITIONS = "DEBUG $(inherited)";
				SWIFT_OPTIMIZATION_LEVEL = "-Onone";
			};
			name = Debug;
		};
		A634222430079B8C00A02DD1 /* Release */ = {
			isa = XCBuildConfiguration;
			buildSettings = {
				ALWAYS_SEARCH_USER_PATHS = NO;
				ASSETCATALOG_COMPILER_GENERATE_SWIFT_ASSET_SYMBOL_EXTENSIONS = YES;
				CLANG_ANALYZER_NONNULL = YES;
				CLANG_ANALYZER_NUMBER_OBJECT_CONVERSION = YES_AGGRESSIVE;
				CLANG_CXX_LANGUAGE_STANDARD = "gnu++20";
				CLANG_ENABLE_MODULES = YES;
				CLANG_ENABLE_OBJC_ARC = YES;
				CLANG_ENABLE_OBJC_WEAK = YES;
				CLANG_WARN_BLOCK_CAPTURE_AUTORELEASING = YES;
				CLANG_WARN_BOOL_CONVERSION = YES;
				CLANG_WARN_COMMA = YES;
				CLANG_WARN_CONSTANT_CONVERSION = YES;
				CLANG_WARN_DEPRECATED_OBJC_IMPLEMENTATIONS = YES;
				CLANG_WARN_DIRECT_OBJC_ISA_USAGE = YES_ERROR;
				CLANG_WARN_DOCUMENTATION_COMMENTS = YES;
				CLANG_WARN_EMPTY_BODY = YES;
				CLANG_WARN_ENUM_CONVERSION = YES;
				CLANG_WARN_INFINITE_RECURSION = YES;
				CLANG_WARN_INT_CONVERSION = YES;
				CLANG_WARN_NON_LITERAL_NULL_CONVERSION = YES;
				CLANG_WARN_OBJC_IMPLICIT_RETAIN_SELF = YES;
				CLANG_WARN_OBJC_LITERAL_CONVERSION = YES;
				CLANG_WARN_OBJC_ROOT_CLASS = YES_ERROR;
				CLANG_WARN_QUOTED_INCLUDE_IN_FRAMEWORK_HEADER = YES;
				CLANG_WARN_RANGE_LOOP_ANALYSIS = YES;
				CLANG_WARN_STRICT_PROTOTYPES = YES;
				CLANG_WARN_SUSPICIOUS_MOVE = YES;
				CLANG_WARN_UNGUARDED_AVAILABILITY = YES_AGGRESSIVE;
				CLANG_WARN_UNREACHABLE_CODE = YES;
				CLANG_WARN__DUPLICATE_METHOD_MATCH = YES;
				COPY_PHASE_STRIP = NO;
				DEBUG_INFORMATION_FORMAT = "dwarf-with-dsym";
				DEVELOPMENT_TEAM = WQ3X4DQT53;
				ENABLE_NS_ASSERTIONS = NO;
				ENABLE_STRICT_OBJC_MSGSEND = YES;
				ENABLE_USER_SCRIPT_SANDBOXING = YES;
				GCC_C_LANGUAGE_STANDARD = gnu17;
				GCC_NO_COMMON_BLOCKS = YES;
				GCC_WARN_64_TO_32_BIT_CONVERSION = YES;
				GCC_WARN_ABOUT_RETURN_TYPE = YES_ERROR;
				GCC_WARN_UNDECLARED_SELECTOR = YES;
				GCC_WARN_UNINITIALIZED_AUTOS = YES_AGGRESSIVE;
				GCC_WARN_UNUSED_FUNCTION = YES;
				GCC_WARN_UNUSED_VARIABLE = YES;
				IPHONEOS_DEPLOYMENT_TARGET = 17.0;
				LOCALIZATION_PREFERS_STRING_CATALOGS = YES;
				MTL_ENABLE_DEBUG_INFO = NO;
				MTL_FAST_MATH = YES;
				SDKROOT = iphoneos;
				SWIFT_COMPILATION_MODE = wholemodule;
				VALIDATE_PRODUCT = YES;
			};
			name = Release;
		};
		A634222630079B8C00A02DD1 /* Debug */ = {
			isa = XCBuildConfiguration;
			buildSettings = {
				ASSETCATALOG_COMPILER_APPICON_NAME = AppIcon;
				ASSETCATALOG_COMPILER_GLOBAL_ACCENT_COLOR_NAME = AccentColor;
				CODE_SIGN_ENTITLEMENTS = tax/tax.entitlements;
				CODE_SIGN_STYLE = Automatic;
				CURRENT_PROJECT_VERSION = 1;
				DEVELOPMENT_TEAM = WQ3X4DQT53;
				ENABLE_PREVIEWS = YES;
				GENERATE_INFOPLIST_FILE = YES;
				INFOPLIST_FILE = tax/Info.plist;
				INFOPLIST_KEY_UIApplicationSceneManifest_Generation = YES;
				INFOPLIST_KEY_UIApplicationSupportsIndirectInputEvents = YES;
				INFOPLIST_KEY_UILaunchScreen_Generation = YES;
				INFOPLIST_KEY_UISupportedInterfaceOrientations_iPad = "UIInterfaceOrientationPortrait UIInterfaceOrientationPortraitUpsideDown UIInterfaceOrientationLandscapeLeft UIInterfaceOrientationLandscapeRight";
				INFOPLIST_KEY_UISupportedInterfaceOrientations_iPhone = "UIInterfaceOrientationPortrait UIInterfaceOrientationLandscapeLeft UIInterfaceOrientationLandscapeRight";
				LD_RUNPATH_SEARCH_PATHS = (
					"$(inherited)",
					"@executable_path/Frameworks",
				);
				MARKETING_VERSION = 1.0;
				PRODUCT_BUNDLE_IDENTIFIER = ru.madmaximuus.yandexmapstestapp.YandexMapsTestApp;
				PRODUCT_NAME = "$(TARGET_NAME)";
				STRING_CATALOG_GENERATE_SYMBOLS = YES;
				SWIFT_APPROACHABLE_CONCURRENCY = YES;
				SWIFT_EMIT_LOC_STRINGS = YES;
				SWIFT_STRICT_CONCURRENCY = complete;
				SWIFT_UPCOMING_FEATURE_MEMBER_IMPORT_VISIBILITY = YES;
				SWIFT_VERSION = 6.0;
				TARGETED_DEVICE_FAMILY = "1,2";
			};
			name = Debug;
		};
		A634222730079B8C00A02DD1 /* Release */ = {
			isa = XCBuildConfiguration;
			buildSettings = {
				ASSETCATALOG_COMPILER_APPICON_NAME = AppIcon;
				ASSETCATALOG_COMPILER_GLOBAL_ACCENT_COLOR_NAME = AccentColor;
				CODE_SIGN_ENTITLEMENTS = tax/tax.entitlements;
				CODE_SIGN_STYLE = Automatic;
				CURRENT_PROJECT_VERSION = 1;
				DEVELOPMENT_TEAM = WQ3X4DQT53;
				ENABLE_PREVIEWS = YES;
				GENERATE_INFOPLIST_FILE = YES;
				INFOPLIST_FILE = tax/Info.plist;
				INFOPLIST_KEY_UIApplicationSceneManifest_Generation = YES;
				INFOPLIST_KEY_UIApplicationSupportsIndirectInputEvents = YES;
				INFOPLIST_KEY_UILaunchScreen_Generation = YES;
				INFOPLIST_KEY_UISupportedInterfaceOrientations_iPad = "UIInterfaceOrientationPortrait UIInterfaceOrientationPortraitUpsideDown UIInterfaceOrientationLandscapeLeft UIInterfaceOrientationLandscapeRight";
				INFOPLIST_KEY_UISupportedInterfaceOrientations_iPhone = "UIInterfaceOrientationPortrait UIInterfaceOrientationLandscapeLeft UIInterfaceOrientationLandscapeRight";
				LD_RUNPATH_SEARCH_PATHS = (
					"$(inherited)",
					"@executable_path/Frameworks",
				);
				MARKETING_VERSION = 1.0;
				PRODUCT_BUNDLE_IDENTIFIER = ru.madmaximuus.yandexmapstestapp.YandexMapsTestApp;
				PRODUCT_NAME = "$(TARGET_NAME)";
				STRING_CATALOG_GENERATE_SYMBOLS = YES;
				SWIFT_APPROACHABLE_CONCURRENCY = YES;
				SWIFT_EMIT_LOC_STRINGS = YES;
				SWIFT_STRICT_CONCURRENCY = complete;
				SWIFT_UPCOMING_FEATURE_MEMBER_IMPORT_VISIBILITY = YES;
				SWIFT_VERSION = 6.0;
				TARGETED_DEVICE_FAMILY = "1,2";
			};
			name = Release;
		};
		AF1E79364A3F8E6F57C3FEC6 /* Release */ = {
			isa = XCBuildConfiguration;
			buildSettings = {
				BUNDLE_LOADER = "$(TEST_HOST)";
				CLANG_ENABLE_OBJC_WEAK = NO;
				CODE_SIGNING_ALLOWED = NO;
				GENERATE_INFOPLIST_FILE = YES;
				IPHONEOS_DEPLOYMENT_TARGET = 17.0;
				PRODUCT_BUNDLE_IDENTIFIER = ru.madmaximuus.tax.tests;
				PRODUCT_MODULE_NAME = "$(PRODUCT_NAME:c99extidentifier)";
				PRODUCT_NAME = "$(TARGET_NAME)";
				SDKROOT = iphoneos;
				SWIFT_APPROACHABLE_CONCURRENCY = YES;
				SWIFT_STRICT_CONCURRENCY = complete;
				SWIFT_VERSION = 6.0;
				TEST_HOST = "$(BUILT_PRODUCTS_DIR)/tax.app/tax";
				VALIDATE_PRODUCT = YES;
			};
			name = Release;
		};
		CCC58034452F5D35DF2B107D /* Debug */ = {
			isa = XCBuildConfiguration;
			buildSettings = {
				CLANG_ENABLE_OBJC_WEAK = NO;
				CODE_SIGNING_ALLOWED = NO;
				GENERATE_INFOPLIST_FILE = YES;
				IPHONEOS_DEPLOYMENT_TARGET = 17.0;
				PRODUCT_BUNDLE_IDENTIFIER = ru.madmaximuus.tax.uitests;
				PRODUCT_MODULE_NAME = "$(PRODUCT_NAME:c99extidentifier)";
				PRODUCT_NAME = "$(TARGET_NAME)";
				SDKROOT = iphoneos;
				SWIFT_APPROACHABLE_CONCURRENCY = YES;
				SWIFT_STRICT_CONCURRENCY = complete;
				SWIFT_VERSION = 6.0;
				TEST_TARGET_NAME = tax;
			};
			name = Debug;
		};
/* End XCBuildConfiguration section */

/* Begin XCConfigurationList section */
		24EC57AD58751BE4138A0F85 /* Build configuration list for PBXNativeTarget "taxUITests" */ = {
			isa = XCConfigurationList;
			buildConfigurations = (
				47B8833831410297050FEA32 /* Release */,
				CCC58034452F5D35DF2B107D /* Debug */,
			);
			defaultConfigurationIsVisible = 0;
			defaultConfigurationName = Release;
		};
		679707F3059E74AB36C774AF /* Build configuration list for PBXNativeTarget "taxTests" */ = {
			isa = XCConfigurationList;
			buildConfigurations = (
				AF1E79364A3F8E6F57C3FEC6 /* Release */,
				9B6D90F050365F650C147D04 /* Debug */,
			);
			defaultConfigurationIsVisible = 0;
			defaultConfigurationName = Release;
		};
		A634221530079B8A00A02DD1 /* Build configuration list for PBXProject "tax" */ = {
			isa = XCConfigurationList;
			buildConfigurations = (
				A634222330079B8C00A02DD1 /* Debug */,
				A634222430079B8C00A02DD1 /* Release */,
			);
			defaultConfigurationIsVisible = 0;
			defaultConfigurationName = Release;
		};
		A634222530079B8C00A02DD1 /* Build configuration list for PBXNativeTarget "tax" */ = {
			isa = XCConfigurationList;
			buildConfigurations = (
				A634222630079B8C00A02DD1 /* Debug */,
				A634222730079B8C00A02DD1 /* Release */,
			);
			defaultConfigurationIsVisible = 0;
			defaultConfigurationName = Release;
		};
/* End XCConfigurationList section */
	};
	rootObject = A634221230079B8A00A02DD1 /* Project object */;
}
